{
  "nodes": {
    "nixpkgs": {
      "locked": {
        "lastModified": 1748421225,
        "narHash": "sha256-XXILOc80tvlvEQgYpYFnze8MkQQmp3eQxFbTzb3m/R0=",
        "owner": "NixOS",
        "repo": "nixpkgs",
        "rev": "78add7b7abb61689e34fc23070a8f55e1d26185b",
        "type": "github"
      },
      "original": {
        "owner": "NixOS",
        "ref": "nixos-24.11",
        "repo": "nixpkgs",
        "type": "github"
      }
    },
    "root": {
      "inputs": {
        "nixpkgs": "nixpkgs"
      }
    }
  },
  "root": "root",
  "version": 7
}
