{
  "nodes": {
    "nixpkgs": {
      "locked": {
        "lastModified": 1719145550,
        "narHash": "sha256-K0i/coxxTEl30tgt4oALaylQfxqbotTSNb1/+g+mKMQ=",
        "owner": "NixOS",
        "repo": "nixpkgs",
        "rev": "e4509b3a560c87a8d4cb6f9992b8915abf9e36d8",
        "type": "github"
      },
      "original": {
        "owner": "NixOS",
        "ref": "nixos-24.05",
        "repo": "nixpkgs",
        "type": "github"
      }
    },
    "root": {
      "inputs": {
        "nixpkgs": "nixpkgs"
      }
    }
  },
  "root": "root",
  "version": 7
}
